
Microsoft Visual Studio Solution File, Format Version 11.00
# Visual Studio 2010
Project("{FAE04EC0-301F-11D3-BF4B-00C04F79EFBC}") = "Assembly-CSharp", "Assembly-CSharp.csproj", "{EEFC9A31-A7FA-DC10-49D2-634CE8844A9B}"
EndProject
Project("{FAE04EC0-301F-11D3-BF4B-00C04F79EFBC}") = "geoscream", "geoscream.csproj", "{E042BFCF-994B-C5C2-1CC0-61EABCEDFA0C}"
EndProject
Project("{FAE04EC0-301F-11D3-BF4B-00C04F79EFBC}") = "Assembly-CSharp-Editor", "Assembly-CSharp-Editor.csproj", "{45B35664-5769-46A3-EA7A-8A1056974E42}"
EndProject
Global
	GlobalSection(SolutionConfigurationPlatforms) = preSolution
		Debug|Any CPU = Debug|Any CPU
		Release|Any CPU = Release|Any CPU
	EndGlobalSection
	GlobalSection(ProjectConfigurationPlatforms) = postSolution
		{EEFC9A31-A7FA-DC10-49D2-634CE8844A9B}.Debug|Any CPU.ActiveCfg = Debug|Any CPU
		{EEFC9A31-A7FA-DC10-49D2-634CE8844A9B}.Debug|Any CPU.Build.0 = Debug|Any CPU
		{EEFC9A31-A7FA-DC10-49D2-634CE8844A9B}.Release|Any CPU.ActiveCfg = Release|Any CPU
		{EEFC9A31-A7FA-DC10-49D2-634CE8844A9B}.Release|Any CPU.Build.0 = Release|Any CPU
		{E042BFCF-994B-C5C2-1CC0-61EABCEDFA0C}.Debug|Any CPU.ActiveCfg = Debug|Any CPU
		{E042BFCF-994B-C5C2-1CC0-61EABCEDFA0C}.Debug|Any CPU.Build.0 = Debug|Any CPU
		{E042BFCF-994B-C5C2-1CC0-61EABCEDFA0C}.Release|Any CPU.ActiveCfg = Release|Any CPU
		{E042BFCF-994B-C5C2-1CC0-61EABCEDFA0C}.Release|Any CPU.Build.0 = Release|Any CPU
		{45B35664-5769-46A3-EA7A-8A1056974E42}.Debug|Any CPU.ActiveCfg = Debug|Any CPU
		{45B35664-5769-46A3-EA7A-8A1056974E42}.Debug|Any CPU.Build.0 = Debug|Any CPU
		{45B35664-5769-46A3-EA7A-8A1056974E42}.Release|Any CPU.ActiveCfg = Release|Any CPU
		{45B35664-5769-46A3-EA7A-8A1056974E42}.Release|Any CPU.Build.0 = Release|Any CPU
	EndGlobalSection
	GlobalSection(SolutionProperties) = preSolution
		HideSolutionNode = FALSE
	EndGlobalSection
EndGlobal
